
Microsoft Visual Studio Solution File, Format Version 12.00
# Visual Studio Version 16
VisualStudioVersion = 16.0.29509.3
MinimumVisualStudioVersion = 10.0.40219.1
Project("{FAE04EC0-301F-11D3-BF4B-00C04F79EFBC}") = "OOP-laba4", "OOP-laba4\OOP-laba4.csproj", "{927D29A5-DF8C-45B5-B8B7-6C9DBC2109CB}"
EndProject
Global
	GlobalSection(SolutionConfigurationPlatforms) = preSolution
		Debug|Any CPU = Debug|Any CPU
		Release|Any CPU = Release|Any CPU
	EndGlobalSection
	GlobalSection(ProjectConfigurationPlatforms) = postSolution
		{927D29A5-DF8C-45B5-B8B7-6C9DBC2109CB}.Debug|Any CPU.ActiveCfg = Debug|Any CPU
		{927D29A5-DF8C-45B5-B8B7-6C9DBC2109CB}.Debug|Any CPU.Build.0 = Debug|Any CPU
		{927D29A5-DF8C-45B5-B8B7-6C9DBC2109CB}.Release|Any CPU.ActiveCfg = Release|Any CPU
		{927D29A5-DF8C-45B5-B8B7-6C9DBC2109CB}.Release|Any CPU.Build.0 = Release|Any CPU
	EndGlobalSection
	GlobalSection(SolutionProperties) = preSolution
		HideSolutionNode = FALSE
	EndGlobalSection
	GlobalSection(ExtensibilityGlobals) = postSolution
		SolutionGuid = {DDFD04F2-2DC2-4E04-A3F7-7064964A7B1A}
	EndGlobalSection
EndGlobal
